
Microsoft Visual Studio Solution File, Format Version 12.00
# Visual Studio Version 17
VisualStudioVersion = 17.10.35027.167
MinimumVisualStudioVersion = 10.0.40219.1
Project("{2150E333-8FDC-42A3-9474-1A3956D46DE8}") = "Services", "Services", "{2F693F9C-4F2E-4961-A0BE-C4909BF7920D}"
EndProject
Project("{2150E333-8FDC-42A3-9474-1A3956D46DE8}") = "Catalog", "Catalog", "{F9CA8499-9D1A-49CD-A8A9-247F08776C64}"
EndProject
Project("{9A19103F-16F7-4668-BE54-9A1E7A4F7556}") = "MultiShop.Catalog", "Services\Catalog\MultiShop.Catalog\MultiShop.Catalog.csproj", "{218E13C4-68EF-4ECF-9D5B-CED54344BA42}"
EndProject
Project("{2150E333-8FDC-42A3-9474-1A3956D46DE8}") = "Discount", "Discount", "{F6365FA7-0CD5-4C8F-9C4B-5B21F11A6803}"
EndProject
Project("{9A19103F-16F7-4668-BE54-9A1E7A4F7556}") = "MultiShop.Discount", "Services\Discount\MultiShop.Discount\MultiShop.Discount.csproj", "{9AA194AB-AD13-4F9E-8BBC-C08469CA03A1}"
EndProject
Project("{2150E333-8FDC-42A3-9474-1A3956D46DE8}") = "Order", "Order", "{81B6BA2F-4489-4B51-8384-1FF971D1058B}"
EndProject
Project("{2150E333-8FDC-42A3-9474-1A3956D46DE8}") = "Core", "Core", "{A4468F13-94F6-4B63-8AD5-EEF6FFE5160C}"
EndProject
Project("{2150E333-8FDC-42A3-9474-1A3956D46DE8}") = "Infrastructure", "Infrastructure", "{253FEA33-C9BB-45AB-833C-48B2A8056D05}"
EndProject
Project("{2150E333-8FDC-42A3-9474-1A3956D46DE8}") = "Presentation", "Presentation", "{54F0DD15-1BCB-48EA-BF5C-5103202B509C}"
EndProject
Project("{FAE04EC0-301F-11D3-BF4B-00C04F79EFBC}") = "MultiShop.Order.Persistence", "Services\Order\Infrastructure\MultiShop.Order.Persistence\MultiShop.Order.Persistence.csproj", "{3E6D842C-B863-4C36-B4CC-9DCAA9E6DF68}"
EndProject
Project("{FAE04EC0-301F-11D3-BF4B-00C04F79EFBC}") = "MultiShop.Order.Application", "Services\Order\Core\MultiShop.Order.Application\MultiShop.Order.Application.csproj", "{5F94C8A7-35AF-4F0E-8D1D-4922D89498AC}"
EndProject
Project("{FAE04EC0-301F-11D3-BF4B-00C04F79EFBC}") = "MultiShop.Order.Domain", "Services\Order\Core\MultiShop.Order.Domain\MultiShop.Order.Domain.csproj", "{192C6005-D7B4-4E97-9958-E3C2B1FDE69E}"
EndProject
Project("{FAE04EC0-301F-11D3-BF4B-00C04F79EFBC}") = "MultiShop.Order.WebApi", "Services\Order\Presentation\MultiShop.Order.WebApi\MultiShop.Order.WebApi.csproj", "{434084E7-8A15-4933-BEDD-09980F8919A8}"
EndProject
Global
	GlobalSection(SolutionConfigurationPlatforms) = preSolution
		Debug|Any CPU = Debug|Any CPU
		Release|Any CPU = Release|Any CPU
	EndGlobalSection
	GlobalSection(ProjectConfigurationPlatforms) = postSolution
		{218E13C4-68EF-4ECF-9D5B-CED54344BA42}.Debug|Any CPU.ActiveCfg = Debug|Any CPU
		{218E13C4-68EF-4ECF-9D5B-CED54344BA42}.Debug|Any CPU.Build.0 = Debug|Any CPU
		{218E13C4-68EF-4ECF-9D5B-CED54344BA42}.Release|Any CPU.ActiveCfg = Release|Any CPU
		{218E13C4-68EF-4ECF-9D5B-CED54344BA42}.Release|Any CPU.Build.0 = Release|Any CPU
		{9AA194AB-AD13-4F9E-8BBC-C08469CA03A1}.Debug|Any CPU.ActiveCfg = Debug|Any CPU
		{9AA194AB-AD13-4F9E-8BBC-C08469CA03A1}.Debug|Any CPU.Build.0 = Debug|Any CPU
		{9AA194AB-AD13-4F9E-8BBC-C08469CA03A1}.Release|Any CPU.ActiveCfg = Release|Any CPU
		{9AA194AB-AD13-4F9E-8BBC-C08469CA03A1}.Release|Any CPU.Build.0 = Release|Any CPU
		{3E6D842C-B863-4C36-B4CC-9DCAA9E6DF68}.Debug|Any CPU.ActiveCfg = Debug|Any CPU
		{3E6D842C-B863-4C36-B4CC-9DCAA9E6DF68}.Debug|Any CPU.Build.0 = Debug|Any CPU
		{3E6D842C-B863-4C36-B4CC-9DCAA9E6DF68}.Release|Any CPU.ActiveCfg = Release|Any CPU
		{3E6D842C-B863-4C36-B4CC-9DCAA9E6DF68}.Release|Any CPU.Build.0 = Release|Any CPU
		{5F94C8A7-35AF-4F0E-8D1D-4922D89498AC}.Debug|Any CPU.ActiveCfg = Debug|Any CPU
		{5F94C8A7-35AF-4F0E-8D1D-4922D89498AC}.Debug|Any CPU.Build.0 = Debug|Any CPU
		{5F94C8A7-35AF-4F0E-8D1D-4922D89498AC}.Release|Any CPU.ActiveCfg = Release|Any CPU
		{5F94C8A7-35AF-4F0E-8D1D-4922D89498AC}.Release|Any CPU.Build.0 = Release|Any CPU
		{192C6005-D7B4-4E97-9958-E3C2B1FDE69E}.Debug|Any CPU.ActiveCfg = Debug|Any CPU
		{192C6005-D7B4-4E97-9958-E3C2B1FDE69E}.Debug|Any CPU.Build.0 = Debug|Any CPU
		{192C6005-D7B4-4E97-9958-E3C2B1FDE69E}.Release|Any CPU.ActiveCfg = Release|Any CPU
		{192C6005-D7B4-4E97-9958-E3C2B1FDE69E}.Release|Any CPU.Build.0 = Release|Any CPU
		{434084E7-8A15-4933-BEDD-09980F8919A8}.Debug|Any CPU.ActiveCfg = Debug|Any CPU
		{434084E7-8A15-4933-BEDD-09980F8919A8}.Debug|Any CPU.Build.0 = Debug|Any CPU
		{434084E7-8A15-4933-BEDD-09980F8919A8}.Release|Any CPU.ActiveCfg = Release|Any CPU
		{434084E7-8A15-4933-BEDD-09980F8919A8}.Release|Any CPU.Build.0 = Release|Any CPU
	EndGlobalSection
	GlobalSection(SolutionProperties) = preSolution
		HideSolutionNode = FALSE
	EndGlobalSection
	GlobalSection(NestedProjects) = preSolution
		{F9CA8499-9D1A-49CD-A8A9-247F08776C64} = {2F693F9C-4F2E-4961-A0BE-C4909BF7920D}
		{218E13C4-68EF-4ECF-9D5B-CED54344BA42} = {F9CA8499-9D1A-49CD-A8A9-247F08776C64}
		{F6365FA7-0CD5-4C8F-9C4B-5B21F11A6803} = {2F693F9C-4F2E-4961-A0BE-C4909BF7920D}
		{9AA194AB-AD13-4F9E-8BBC-C08469CA03A1} = {F6365FA7-0CD5-4C8F-9C4B-5B21F11A6803}
		{81B6BA2F-4489-4B51-8384-1FF971D1058B} = {2F693F9C-4F2E-4961-A0BE-C4909BF7920D}
		{A4468F13-94F6-4B63-8AD5-EEF6FFE5160C} = {81B6BA2F-4489-4B51-8384-1FF971D1058B}
		{253FEA33-C9BB-45AB-833C-48B2A8056D05} = {81B6BA2F-4489-4B51-8384-1FF971D1058B}
		{54F0DD15-1BCB-48EA-BF5C-5103202B509C} = {81B6BA2F-4489-4B51-8384-1FF971D1058B}
		{3E6D842C-B863-4C36-B4CC-9DCAA9E6DF68} = {253FEA33-C9BB-45AB-833C-48B2A8056D05}
		{5F94C8A7-35AF-4F0E-8D1D-4922D89498AC} = {A4468F13-94F6-4B63-8AD5-EEF6FFE5160C}
		{192C6005-D7B4-4E97-9958-E3C2B1FDE69E} = {A4468F13-94F6-4B63-8AD5-EEF6FFE5160C}
		{434084E7-8A15-4933-BEDD-09980F8919A8} = {54F0DD15-1BCB-48EA-BF5C-5103202B509C}
	EndGlobalSection
	GlobalSection(ExtensibilityGlobals) = postSolution
		SolutionGuid = {F78E2E33-6872-43C7-9C1E-CD056AA54884}
	EndGlobalSection
EndGlobal
